
Microsoft Visual Studio Solution File, Format Version 12.00
# Visual Studio Version 17
VisualStudioVersion = 17.10.35013.160
MinimumVisualStudioVersion = 10.0.40219.1
Project("{9A19103F-16F7-4668-BE54-9A1E7A4F7556}") = "ForYod", "ForYod.csproj", "{C4A99007-86D1-47FA-897B-DB58D7A3862E}"
EndProject
Global
	GlobalSection(SolutionConfigurationPlatforms) = preSolution
		Debug|Any CPU = Debug|Any CPU
		Release|Any CPU = Release|Any CPU
	EndGlobalSection
	GlobalSection(ProjectConfigurationPlatforms) = postSolution
		{C4A99007-86D1-47FA-897B-DB58D7A3862E}.Debug|Any CPU.ActiveCfg = Debug|Any CPU
		{C4A99007-86D1-47FA-897B-DB58D7A3862E}.Debug|Any CPU.Build.0 = Debug|Any CPU
		{C4A99007-86D1-47FA-897B-DB58D7A3862E}.Release|Any CPU.ActiveCfg = Release|Any CPU
		{C4A99007-86D1-47FA-897B-DB58D7A3862E}.Release|Any CPU.Build.0 = Release|Any CPU
	EndGlobalSection
	GlobalSection(SolutionProperties) = preSolution
		HideSolutionNode = FALSE
	EndGlobalSection
	GlobalSection(ExtensibilityGlobals) = postSolution
		SolutionGuid = {241FC22D-D1D0-4C18-9785-0CCA33F5FC55}
	EndGlobalSection
EndGlobal
